
Microsoft Visual Studio Solution File, Format Version 12.00
# Visual Studio Version 17
VisualStudioVersion = 17.4.33403.182
MinimumVisualStudioVersion = 10.0.40219.1
Project("{FAE04EC0-301F-11D3-BF4B-00C04F79EFBC}") = "Test", "Test\Test.csproj", "{EE2C8027-3F28-444C-ABDC-1D766E31517D}"
EndProject
Global
	GlobalSection(SolutionConfigurationPlatforms) = preSolution
		Debug|Any CPU = Debug|Any CPU
		Release|Any CPU = Release|Any CPU
	EndGlobalSection
	GlobalSection(ProjectConfigurationPlatforms) = postSolution
		{EE2C8027-3F28-444C-ABDC-1D766E31517D}.Debug|Any CPU.ActiveCfg = Debug|Any CPU
		{EE2C8027-3F28-444C-ABDC-1D766E31517D}.Debug|Any CPU.Build.0 = Debug|Any CPU
		{EE2C8027-3F28-444C-ABDC-1D766E31517D}.Release|Any CPU.ActiveCfg = Release|Any CPU
		{EE2C8027-3F28-444C-ABDC-1D766E31517D}.Release|Any CPU.Build.0 = Release|Any CPU
	EndGlobalSection
	GlobalSection(SolutionProperties) = preSolution
		HideSolutionNode = FALSE
	EndGlobalSection
	GlobalSection(ExtensibilityGlobals) = postSolution
		SolutionGuid = {5D7984D0-B66C-4EFA-B8FC-75600BA7A844}
	EndGlobalSection
EndGlobal
