
Microsoft Visual Studio Solution File, Format Version 12.00
# Visual Studio Version 17
VisualStudioVersion = 17.5.33502.453
MinimumVisualStudioVersion = 10.0.40219.1
Project("{FAE04EC0-301F-11D3-BF4B-00C04F79EFBC}") = "VaryaHelp", "VaryaHelp\VaryaHelp.csproj", "{29F7DBF5-908B-4826-8D0E-7D3DAF69FC1B}"
EndProject
Project("{FAE04EC0-301F-11D3-BF4B-00C04F79EFBC}") = "Task11.UnitTests", "Task11.UnitTests\Task11.UnitTests.csproj", "{F6830877-7093-4744-9E5E-8EA2931A0C5A}"
EndProject
Global
	GlobalSection(SolutionConfigurationPlatforms) = preSolution
		Debug|Any CPU = Debug|Any CPU
		Release|Any CPU = Release|Any CPU
	EndGlobalSection
	GlobalSection(ProjectConfigurationPlatforms) = postSolution
		{29F7DBF5-908B-4826-8D0E-7D3DAF69FC1B}.Debug|Any CPU.ActiveCfg = Debug|Any CPU
		{29F7DBF5-908B-4826-8D0E-7D3DAF69FC1B}.Debug|Any CPU.Build.0 = Debug|Any CPU
		{29F7DBF5-908B-4826-8D0E-7D3DAF69FC1B}.Release|Any CPU.ActiveCfg = Release|Any CPU
		{29F7DBF5-908B-4826-8D0E-7D3DAF69FC1B}.Release|Any CPU.Build.0 = Release|Any CPU
		{F6830877-7093-4744-9E5E-8EA2931A0C5A}.Debug|Any CPU.ActiveCfg = Debug|Any CPU
		{F6830877-7093-4744-9E5E-8EA2931A0C5A}.Debug|Any CPU.Build.0 = Debug|Any CPU
		{F6830877-7093-4744-9E5E-8EA2931A0C5A}.Release|Any CPU.ActiveCfg = Release|Any CPU
		{F6830877-7093-4744-9E5E-8EA2931A0C5A}.Release|Any CPU.Build.0 = Release|Any CPU
	EndGlobalSection
	GlobalSection(SolutionProperties) = preSolution
		HideSolutionNode = FALSE
	EndGlobalSection
	GlobalSection(ExtensibilityGlobals) = postSolution
		SolutionGuid = {EFBFE3C1-6134-4251-867C-98F1D4BBADED}
	EndGlobalSection
EndGlobal
