
Microsoft Visual Studio Solution File, Format Version 12.00
# Visual Studio Version 17
VisualStudioVersion = 17.5.33502.453
MinimumVisualStudioVersion = 10.0.40219.1
Project("{FAE04EC0-301F-11D3-BF4B-00C04F79EFBC}") = "Homework1", "Homework1\Homework1.csproj", "{3C7BDCE3-C6D0-4580-A31C-CCC959C95598}"
EndProject
Project("{FAE04EC0-301F-11D3-BF4B-00C04F79EFBC}") = "ComplexStruct.UnitTests", "ComplexStruct.UnitTests\ComplexStruct.UnitTests.csproj", "{2CD72087-D51A-4FF1-8867-AB1D61E56FE7}"
EndProject
Global
	GlobalSection(SolutionConfigurationPlatforms) = preSolution
		Debug|Any CPU = Debug|Any CPU
		Release|Any CPU = Release|Any CPU
	EndGlobalSection
	GlobalSection(ProjectConfigurationPlatforms) = postSolution
		{3C7BDCE3-C6D0-4580-A31C-CCC959C95598}.Debug|Any CPU.ActiveCfg = Debug|Any CPU
		{3C7BDCE3-C6D0-4580-A31C-CCC959C95598}.Debug|Any CPU.Build.0 = Debug|Any CPU
		{3C7BDCE3-C6D0-4580-A31C-CCC959C95598}.Release|Any CPU.ActiveCfg = Release|Any CPU
		{3C7BDCE3-C6D0-4580-A31C-CCC959C95598}.Release|Any CPU.Build.0 = Release|Any CPU
		{2CD72087-D51A-4FF1-8867-AB1D61E56FE7}.Debug|Any CPU.ActiveCfg = Debug|Any CPU
		{2CD72087-D51A-4FF1-8867-AB1D61E56FE7}.Debug|Any CPU.Build.0 = Debug|Any CPU
		{2CD72087-D51A-4FF1-8867-AB1D61E56FE7}.Release|Any CPU.ActiveCfg = Release|Any CPU
		{2CD72087-D51A-4FF1-8867-AB1D61E56FE7}.Release|Any CPU.Build.0 = Release|Any CPU
	EndGlobalSection
	GlobalSection(SolutionProperties) = preSolution
		HideSolutionNode = FALSE
	EndGlobalSection
	GlobalSection(ExtensibilityGlobals) = postSolution
		SolutionGuid = {1D3EC6B2-65BE-4562-916B-EC17C8D9A1A2}
	EndGlobalSection
EndGlobal
